
Microsoft Visual Studio Solution File, Format Version 12.00
# Visual Studio Version 17
VisualStudioVersion = 17.5.33530.505
MinimumVisualStudioVersion = 10.0.40219.1
Project("{FAE04EC0-301F-11D3-BF4B-00C04F79EFBC}") = "BankID", "BankID.csproj", "{ADD9A93B-04BD-4373-944A-638C6F423160}"
EndProject
Project("{FAE04EC0-301F-11D3-BF4B-00C04F79EFBC}") = "BankID.Tests", "..\BankID.Tests\BankID.Tests.csproj", "{C5781778-0E40-4E1F-82B6-BDA9A4849BF9}"
EndProject
Project("{FAE04EC0-301F-11D3-BF4B-00C04F79EFBC}") = "BankID.Provider", "..\BankID.Provider\BankID.Provider.csproj", "{A316E7C3-D099-4EA1-9FF5-C55E3E3BBF06}"
EndProject
Global
	GlobalSection(SolutionConfigurationPlatforms) = preSolution
		Debug|Any CPU = Debug|Any CPU
		Release|Any CPU = Release|Any CPU
	EndGlobalSection
	GlobalSection(ProjectConfigurationPlatforms) = postSolution
		{ADD9A93B-04BD-4373-944A-638C6F423160}.Debug|Any CPU.ActiveCfg = Debug|Any CPU
		{ADD9A93B-04BD-4373-944A-638C6F423160}.Debug|Any CPU.Build.0 = Debug|Any CPU
		{ADD9A93B-04BD-4373-944A-638C6F423160}.Release|Any CPU.ActiveCfg = Release|Any CPU
		{ADD9A93B-04BD-4373-944A-638C6F423160}.Release|Any CPU.Build.0 = Release|Any CPU
		{C5781778-0E40-4E1F-82B6-BDA9A4849BF9}.Debug|Any CPU.ActiveCfg = Debug|Any CPU
		{C5781778-0E40-4E1F-82B6-BDA9A4849BF9}.Debug|Any CPU.Build.0 = Debug|Any CPU
		{C5781778-0E40-4E1F-82B6-BDA9A4849BF9}.Release|Any CPU.ActiveCfg = Release|Any CPU
		{C5781778-0E40-4E1F-82B6-BDA9A4849BF9}.Release|Any CPU.Build.0 = Release|Any CPU
		{A316E7C3-D099-4EA1-9FF5-C55E3E3BBF06}.Debug|Any CPU.ActiveCfg = Debug|Any CPU
		{A316E7C3-D099-4EA1-9FF5-C55E3E3BBF06}.Debug|Any CPU.Build.0 = Debug|Any CPU
		{A316E7C3-D099-4EA1-9FF5-C55E3E3BBF06}.Release|Any CPU.ActiveCfg = Release|Any CPU
		{A316E7C3-D099-4EA1-9FF5-C55E3E3BBF06}.Release|Any CPU.Build.0 = Release|Any CPU
	EndGlobalSection
	GlobalSection(SolutionProperties) = preSolution
		HideSolutionNode = FALSE
	EndGlobalSection
	GlobalSection(ExtensibilityGlobals) = postSolution
		SolutionGuid = {4D822E46-D883-41BB-BF57-A803F3EE6EE7}
	EndGlobalSection
EndGlobal
